// !$*UTF8*$!
{
	archiveVersion = 1;
	classes = {
	};
	objectVersion = 56;
	objects = {

/* Begin PBXBuildFile section */
		B5A1A7E32ADA71BB00BA3220 /* AppDelegate.swift in Sources */ = {isa = PBXBuildFile; fileRef = B5A1A7E22ADA71BB00BA3220 /* AppDelegate.swift */; };
		B5A1A7E72ADA71BB00BA3220 /* ViewController.swift in Sources */ = {isa = PBXBuildFile; fileRef = B5A1A7E62ADA71BB00BA3220 /* ViewController.swift */; };
		B5A1A7EC2ADA71BD00BA3220 /* Assets.xcassets in Resources */ = {isa = PBXBuildFile; fileRef = B5A1A7EB2ADA71BD00BA3220 /* Assets.xcassets */; };
		B5A1A7EF2ADA71BD00BA3220 /* LaunchScreen.storyboard in Resources */ = {isa = PBXBuildFile; fileRef = B5A1A7ED2ADA71BD00BA3220 /* LaunchScreen.storyboard */; };
		B5A1A7FA2ADA71BD00BA3220 /* TeladocBeatlesTests.swift in Sources */ = {isa = PBXBuildFile; fileRef = B5A1A7F92ADA71BD00BA3220 /* TeladocBeatlesTests.swift */; };
		B5A1A8042ADA71BD00BA3220 /* TeladocBeatlesUITests.swift in Sources */ = {isa = PBXBuildFile; fileRef = B5A1A8032ADA71BD00BA3220 /* TeladocBeatlesUITests.swift */; };
		B5A1A8062ADA71BD00BA3220 /* TeladocBeatlesUITestsLaunchTests.swift in Sources */ = {isa = PBXBuildFile; fileRef = B5A1A8052ADA71BD00BA3220 /* TeladocBeatlesUITestsLaunchTests.swift */; };
/* End PBXBuildFile section */

/* Begin PBXContainerItemProxy section */
		B5A1A7F62ADA71BD00BA3220 /* PBXContainerItemProxy */ = {
			isa = PBXContainerItemProxy;
			containerPortal = B5A1A7D72ADA71BB00BA3220 /* Project object */;
			proxyType = 1;
			remoteGlobalIDString = B5A1A7DE2ADA71BB00BA3220;
			remoteInfo = TeladocBeatles;
		};
		B5A1A8002ADA71BD00BA3220 /* PBXContainerItemProxy */ = {
			isa = PBXContainerItemProxy;
			containerPortal = B5A1A7D72ADA71BB00BA3220 /* Project object */;
			proxyType = 1;
			remoteGlobalIDString = B5A1A7DE2ADA71BB00BA3220;
			remoteInfo = TeladocBeatles;
		};
/* End PBXContainerItemProxy section */

/* Begin PBXFileReference section */
		B5A1A7DF2ADA71BB00BA3220 /* TeladocBeatles.app */ = {isa = PBXFileReference; explicitFileType = wrapper.application; includeInIndex = 0; path = TeladocBeatles.app; sourceTree = BUILT_PRODUCTS_DIR; };
		B5A1A7E22ADA71BB00BA3220 /* AppDelegate.swift */ = {isa = PBXFileReference; lastKnownFileType = sourcecode.swift; path = AppDelegate.swift; sourceTree = "<group>"; };
		B5A1A7E62ADA71BB00BA3220 /* ViewController.swift */ = {isa = PBXFileReference; lastKnownFileType = sourcecode.swift; path = ViewController.swift; sourceTree = "<group>"; };
		B5A1A7EB2ADA71BD00BA3220 /* Assets.xcassets */ = {isa = PBXFileReference; lastKnownFileType = folder.assetcatalog; path = Assets.xcassets; sourceTree = "<group>"; };
		B5A1A7EE2ADA71BD00BA3220 /* Base */ = {isa = PBXFileReference; lastKnownFileType = file.storyboard; name = Base; path = Base.lproj/LaunchScreen.storyboard; sourceTree = "<group>"; };
		B5A1A7F02ADA71BD00BA3220 /* Info.plist */ = {isa = PBXFileReference; lastKnownFileType = text.plist.xml; path = Info.plist; sourceTree = "<group>"; };
		B5A1A7F52ADA71BD00BA3220 /* TeladocBeatlesTests.xctest */ = {isa = PBXFileReference; explicitFileType = wrapper.cfbundle; includeInIndex = 0; path = TeladocBeatlesTests.xctest; sourceTree = BUILT_PRODUCTS_DIR; };
		B5A1A7F92ADA71BD00BA3220 /* TeladocBeatlesTests.swift */ = {isa = PBXFileReference; lastKnownFileType = sourcecode.swift; path = TeladocBeatlesTests.swift; sourceTree = "<group>"; };
		B5A1A7FF2ADA71BD00BA3220 /* TeladocBeatlesUITests.xctest */ = {isa = PBXFileReference; explicitFileType = wrapper.cfbundle; includeInIndex = 0; path = TeladocBeatlesUITests.xctest; sourceTree = BUILT_PRODUCTS_DIR; };
		B5A1A8032ADA71BD00BA3220 /* TeladocBeatlesUITests.swift */ = {isa = PBXFileReference; lastKnownFileType = sourcecode.swift; path = TeladocBeatlesUITests.swift; sourceTree = "<group>"; };
		B5A1A8052ADA71BD00BA3220 /* TeladocBeatlesUITestsLaunchTests.swift */ = {isa = PBXFileReference; lastKnownFileType = sourcecode.swift; path = TeladocBeatlesUITestsLaunchTests.swift; sourceTree = "<group>"; };
/* End PBXFileReference section */

/* Begin PBXFrameworksBuildPhase section */
		B5A1A7DC2ADA71BB00BA3220 /* Frameworks */ = {
			isa = PBXFrameworksBuildPhase;
			buildActionMask = 2147483647;
			files = (
			);
			runOnlyForDeploymentPostprocessing = 0;
		};
		B5A1A7F22ADA71BD00BA3220 /* Frameworks */ = {
			isa = PBXFrameworksBuildPhase;
			buildActionMask = 2147483647;
			files = (
			);
			runOnlyForDeploymentPostprocessing = 0;
		};
		B5A1A7FC2ADA71BD00BA3220 /* Frameworks */ = {
			isa = PBXFrameworksBuildPhase;
			buildActionMask = 2147483647;
			files = (
			);
			runOnlyForDeploymentPostprocessing = 0;
		};
/* End PBXFrameworksBuildPhase section */

/* Begin PBXGroup section */
		B5A1A7D62ADA71BB00BA3220 = {
			isa = PBXGroup;
			children = (
				B5A1A7E12ADA71BB00BA3220 /* TeladocBeatles */,
				B5A1A7F82ADA71BD00BA3220 /* TeladocBeatlesTests */,
				B5A1A8022ADA71BD00BA3220 /* TeladocBeatlesUITests */,
				B5A1A7E02ADA71BB00BA3220 /* Products */,
			);
			sourceTree = "<group>";
		};
		B5A1A7E02ADA71BB00BA3220 /* Products */ = {
			isa = PBXGroup;
			children = (
				B5A1A7DF2ADA71BB00BA3220 /* TeladocBeatles.app */,
				B5A1A7F52ADA71BD00BA3220 /* TeladocBeatlesTests.xctest */,
				B5A1A7FF2ADA71BD00BA3220 /* TeladocBeatlesUITests.xctest */,
			);
			name = Products;
			sourceTree = "<group>";
		};
		B5A1A7E12ADA71BB00BA3220 /* TeladocBeatles */ = {
			isa = PBXGroup;
			children = (
				B5A1A8122ADA722300BA3220 /* Classes */,
				B5A1A8132ADA722E00BA3220 /* Resources */,
				B5A1A8142ADA723500BA3220 /* SupportingFiles */,
			);
			path = TeladocBeatles;
			sourceTree = "<group>";
		};
		B5A1A7F82ADA71BD00BA3220 /* TeladocBeatlesTests */ = {
			isa = PBXGroup;
			children = (
				B5A1A7F92ADA71BD00BA3220 /* TeladocBeatlesTests.swift */,
			);
			path = TeladocBeatlesTests;
			sourceTree = "<group>";
		};
		B5A1A8022ADA71BD00BA3220 /* TeladocBeatlesUITests */ = {
			isa = PBXGroup;
			children = (
				B5A1A8032ADA71BD00BA3220 /* TeladocBeatlesUITests.swift */,
				B5A1A8052ADA71BD00BA3220 /* TeladocBeatlesUITestsLaunchTests.swift */,
			);
			path = TeladocBeatlesUITests;
			sourceTree = "<group>";
		};
		B5A1A8122ADA722300BA3220 /* Classes */ = {
			isa = PBXGroup;
			children = (
				B5A1A8152ADA725300BA3220 /* Application */,
				B5A1A8162ADA726100BA3220 /* Presentation */,
				B5A1A8172ADA726A00BA3220 /* Services */,
			);
			path = Classes;
			sourceTree = "<group>";
		};
		B5A1A8132ADA722E00BA3220 /* Resources */ = {
			isa = PBXGroup;
			children = (
				B5A1A7EB2ADA71BD00BA3220 /* Assets.xcassets */,
				B5A1A7ED2ADA71BD00BA3220 /* LaunchScreen.storyboard */,
			);
			path = Resources;
			sourceTree = "<group>";
		};
		B5A1A8142ADA723500BA3220 /* SupportingFiles */ = {
			isa = PBXGroup;
			children = (
				B5A1A7F02ADA71BD00BA3220 /* Info.plist */,
			);
			path = SupportingFiles;
			sourceTree = "<group>";
		};
		B5A1A8152ADA725300BA3220 /* Application */ = {
			isa = PBXGroup;
			children = (
				B5A1A7E22ADA71BB00BA3220 /* AppDelegate.swift */,
			);
			path = Application;
			sourceTree = "<group>";
		};
		B5A1A8162ADA726100BA3220 /* Presentation */ = {
			isa = PBXGroup;
			children = (
				B5A1A7E62ADA71BB00BA3220 /* ViewController.swift */,
			);
			path = Presentation;
			sourceTree = "<group>";
		};
		B5A1A8172ADA726A00BA3220 /* Services */ = {
			isa = PBXGroup;
			children = (
			);
			path = Services;
			sourceTree = "<group>";
		};
/* End PBXGroup section */

/* Begin PBXNativeTarget section */
		B5A1A7DE2ADA71BB00BA3220 /* TeladocBeatles */ = {
			isa = PBXNativeTarget;
			buildConfigurationList = B5A1A8092ADA71BD00BA3220 /* Build configuration list for PBXNativeTarget "TeladocBeatles" */;
			buildPhases = (
				B5A1A7DB2ADA71BB00BA3220 /* Sources */,
				B5A1A7DC2ADA71BB00BA3220 /* Frameworks */,
				B5A1A7DD2ADA71BB00BA3220 /* Resources */,
			);
			buildRules = (
			);
			dependencies = (
			);
			name = TeladocBeatles;
			productName = TeladocBeatles;
			productReference = B5A1A7DF2ADA71BB00BA3220 /* TeladocBeatles.app */;
			productType = "com.apple.product-type.application";
		};
		B5A1A7F42ADA71BD00BA3220 /* TeladocBeatlesTests */ = {
			isa = PBXNativeTarget;
			buildConfigurationList = B5A1A80C2ADA71BD00BA3220 /* Build configuration list for PBXNativeTarget "TeladocBeatlesTests" */;
			buildPhases = (
				B5A1A7F12ADA71BD00BA3220 /* Sources */,
				B5A1A7F22ADA71BD00BA3220 /* Frameworks */,
				B5A1A7F32ADA71BD00BA3220 /* Resources */,
			);
			buildRules = (
			);
			dependencies = (
				B5A1A7F72ADA71BD00BA3220 /* PBXTargetDependency */,
			);
			name = TeladocBeatlesTests;
			productName = TeladocBeatlesTests;
			productReference = B5A1A7F52ADA71BD00BA3220 /* TeladocBeatlesTests.xctest */;
			productType = "com.apple.product-type.bundle.unit-test";
		};
		B5A1A7FE2ADA71BD00BA3220 /* TeladocBeatlesUITests */ = {
			isa = PBXNativeTarget;
			buildConfigurationList = B5A1A80F2ADA71BD00BA3220 /* Build configuration list for PBXNativeTarget "TeladocBeatlesUITests" */;
			buildPhases = (
				B5A1A7FB2ADA71BD00BA3220 /* Sources */,
				B5A1A7FC2ADA71BD00BA3220 /* Frameworks */,
				B5A1A7FD2ADA71BD00BA3220 /* Resources */,
			);
			buildRules = (
			);
			dependencies = (
				B5A1A8012ADA71BD00BA3220 /* PBXTargetDependency */,
			);
			name = TeladocBeatlesUITests;
			productName = TeladocBeatlesUITests;
			productReference = B5A1A7FF2ADA71BD00BA3220 /* TeladocBeatlesUITests.xctest */;
			productType = "com.apple.product-type.bundle.ui-testing";
		};
/* End PBXNativeTarget section */

/* Begin PBXProject section */
		B5A1A7D72ADA71BB00BA3220 /* Project object */ = {
			isa = PBXProject;
			attributes = {
				BuildIndependentTargetsInParallel = 1;
				LastSwiftUpdateCheck = 1500;
				LastUpgradeCheck = 1500;
				TargetAttributes = {
					B5A1A7DE2ADA71BB00BA3220 = {
						CreatedOnToolsVersion = 15.0;
					};
					B5A1A7F42ADA71BD00BA3220 = {
						CreatedOnToolsVersion = 15.0;
						TestTargetID = B5A1A7DE2ADA71BB00BA3220;
					};
					B5A1A7FE2ADA71BD00BA3220 = {
						CreatedOnToolsVersion = 15.0;
						TestTargetID = B5A1A7DE2ADA71BB00BA3220;
					};
				};
			};
			buildConfigurationList = B5A1A7DA2ADA71BB00BA3220 /* Build configuration list for PBXProject "TeladocBeatles" */;
			compatibilityVersion = "Xcode 14.0";
			developmentRegion = en;
			hasScannedForEncodings = 0;
			knownRegions = (
				en,
				Base,
			);
			mainGroup = B5A1A7D62ADA71BB00BA3220;
			productRefGroup = B5A1A7E02ADA71BB00BA3220 /* Products */;
			projectDirPath = "";
			projectRoot = "";
			targets = (
				B5A1A7DE2ADA71BB00BA3220 /* TeladocBeatles */,
				B5A1A7F42ADA71BD00BA3220 /* TeladocBeatlesTests */,
				B5A1A7FE2ADA71BD00BA3220 /* TeladocBeatlesUITests */,
			);
		};
/* End PBXProject section */

/* Begin PBXResourcesBuildPhase section */
		B5A1A7DD2ADA71BB00BA3220 /* Resources */ = {
			isa = PBXResourcesBuildPhase;
			buildActionMask = 2147483647;
			files = (
				B5A1A7EF2ADA71BD00BA3220 /* LaunchScreen.storyboard in Resources */,
				B5A1A7EC2ADA71BD00BA3220 /* Assets.xcassets in Resources */,
			);
			runOnlyForDeploymentPostprocessing = 0;
		};
		B5A1A7F32ADA71BD00BA3220 /* Resources */ = {
			isa = PBXResourcesBuildPhase;
			buildActionMask = 2147483647;
			files = (
			);
			runOnlyForDeploymentPostprocessing = 0;
		};
		B5A1A7FD2ADA71BD00BA3220 /* Resources */ = {
			isa = PBXResourcesBuildPhase;
			buildActionMask = 2147483647;
			files = (
			);
			runOnlyForDeploymentPostprocessing = 0;
		};
/* End PBXResourcesBuildPhase section */

/* Begin PBXSourcesBuildPhase section */
		B5A1A7DB2ADA71BB00BA3220 /* Sources */ = {
			isa = PBXSourcesBuildPhase;
			buildActionMask = 2147483647;
			files = (
				B5A1A7E72ADA71BB00BA3220 /* ViewController.swift in Sources */,
				B5A1A7E32ADA71BB00BA3220 /* AppDelegate.swift in Sources */,
			);
			runOnlyForDeploymentPostprocessing = 0;
		};
		B5A1A7F12ADA71BD00BA3220 /* Sources */ = {
			isa = PBXSourcesBuildPhase;
			buildActionMask = 2147483647;
			files = (
				B5A1A7FA2ADA71BD00BA3220 /* TeladocBeatlesTests.swift in Sources */,
			);
			runOnlyForDeploymentPostprocessing = 0;
		};
		B5A1A7FB2ADA71BD00BA3220 /* Sources */ = {
			isa = PBXSourcesBuildPhase;
			buildActionMask = 2147483647;
			files = (
				B5A1A8062ADA71BD00BA3220 /* TeladocBeatlesUITestsLaunchTests.swift in Sources */,
				B5A1A8042ADA71BD00BA3220 /* TeladocBeatlesUITests.swift in Sources */,
			);
			runOnlyForDeploymentPostprocessing = 0;
		};
/* End PBXSourcesBuildPhase section */

/* Begin PBXTargetDependency section */
		B5A1A7F72ADA71BD00BA3220 /* PBXTargetDependency */ = {
			isa = PBXTargetDependency;
			target = B5A1A7DE2ADA71BB00BA3220 /* TeladocBeatles */;
			targetProxy = B5A1A7F62ADA71BD00BA3220 /* PBXContainerItemProxy */;
		};
		B5A1A8012ADA71BD00BA3220 /* PBXTargetDependency */ = {
			isa = PBXTargetDependency;
			target = B5A1A7DE2ADA71BB00BA3220 /* TeladocBeatles */;
			targetProxy = B5A1A8002ADA71BD00BA3220 /* PBXContainerItemProxy */;
		};
/* End PBXTargetDependency section */

/* Begin PBXVariantGroup section */
		B5A1A7ED2ADA71BD00BA3220 /* LaunchScreen.storyboard */ = {
			isa = PBXVariantGroup;
			children = (
				B5A1A7EE2ADA71BD00BA3220 /* Base */,
			);
			name = LaunchScreen.storyboard;
			sourceTree = "<group>";
		};
/* End PBXVariantGroup section */

/* Begin XCBuildConfiguration section */
		B5A1A8072ADA71BD00BA3220 /* Debug */ = {
			isa = XCBuildConfiguration;
			buildSettings = {
				ALWAYS_SEARCH_USER_PATHS = NO;
				ASSETCATALOG_COMPILER_GENERATE_SWIFT_ASSET_SYMBOL_EXTENSIONS = YES;
				CLANG_ANALYZER_NONNULL = YES;
				CLANG_ANALYZER_NUMBER_OBJECT_CONVERSION = YES_AGGRESSIVE;
				CLANG_CXX_LANGUAGE_STANDARD = "gnu++20";
				CLANG_ENABLE_MODULES = YES;
				CLANG_ENABLE_OBJC_ARC = YES;
				CLANG_ENABLE_OBJC_WEAK = YES;
				CLANG_WARN_BLOCK_CAPTURE_AUTORELEASING = YES;
				CLANG_WARN_BOOL_CONVERSION = YES;
				CLANG_WARN_COMMA = YES;
				CLANG_WARN_CONSTANT_CONVERSION = YES;
				CLANG_WARN_DEPRECATED_OBJC_IMPLEMENTATIONS = YES;
				CLANG_WARN_DIRECT_OBJC_ISA_USAGE = YES_ERROR;
				CLANG_WARN_DOCUMENTATION_COMMENTS = YES;
				CLANG_WARN_EMPTY_BODY = YES;
				CLANG_WARN_ENUM_CONVERSION = YES;
				CLANG_WARN_INFINITE_RECURSION = YES;
				CLANG_WARN_INT_CONVERSION = YES;
				CLANG_WARN_NON_LITERAL_NULL_CONVERSION = YES;
				CLANG_WARN_OBJC_IMPLICIT_RETAIN_SELF = YES;
				CLANG_WARN_OBJC_LITERAL_CONVERSION = YES;
				CLANG_WARN_OBJC_ROOT_CLASS = YES_ERROR;
				CLANG_WARN_QUOTED_INCLUDE_IN_FRAMEWORK_HEADER = YES;
				CLANG_WARN_RANGE_LOOP_ANALYSIS = YES;
				CLANG_WARN_STRICT_PROTOTYPES = YES;
				CLANG_WARN_SUSPICIOUS_MOVE = YES;
				CLANG_WARN_UNGUARDED_AVAILABILITY = YES_AGGRESSIVE;
				CLANG_WARN_UNREACHABLE_CODE = YES;
				CLANG_WARN__DUPLICATE_METHOD_MATCH = YES;
				COPY_PHASE_STRIP = NO;
				DEBUG_INFORMATION_FORMAT = dwarf;
				ENABLE_STRICT_OBJC_MSGSEND = YES;
				ENABLE_TESTABILITY = YES;
				ENABLE_USER_SCRIPT_SANDBOXING = YES;
				GCC_C_LANGUAGE_STANDARD = gnu17;
				GCC_DYNAMIC_NO_PIC = NO;
				GCC_NO_COMMON_BLOCKS = YES;
				GCC_OPTIMIZATION_LEVEL = 0;
				GCC_PREPROCESSOR_DEFINITIONS = (
					"DEBUG=1",
					"$(inherited)",
				);
				GCC_WARN_64_TO_32_BIT_CONVERSION = YES;
				GCC_WARN_ABOUT_RETURN_TYPE = YES_ERROR;
				GCC_WARN_UNDECLARED_SELECTOR = YES;
				GCC_WARN_UNINITIALIZED_AUTOS = YES_AGGRESSIVE;
				GCC_WARN_UNUSED_FUNCTION = YES;
				GCC_WARN_UNUSED_VARIABLE = YES;
				IPHONEOS_DEPLOYMENT_TARGET = 15.6;
				LOCALIZATION_PREFERS_STRING_CATALOGS = YES;
				MTL_ENABLE_DEBUG_INFO = INCLUDE_SOURCE;
				MTL_FAST_MATH = YES;
				ONLY_ACTIVE_ARCH = YES;
				SDKROOT = iphoneos;
				SWIFT_ACTIVE_COMPILATION_CONDITIONS = "DEBUG $(inherited)";
				SWIFT_OPTIMIZATION_LEVEL = "-Onone";
			};
			name = Debug;
		};
		B5A1A8082ADA71BD00BA3220 /* Release */ = {
			isa = XCBuildConfiguration;
			buildSettings = {
				ALWAYS_SEARCH_USER_PATHS = NO;
				ASSETCATALOG_COMPILER_GENERATE_SWIFT_ASSET_SYMBOL_EXTENSIONS = YES;
				CLANG_ANALYZER_NONNULL = YES;
				CLANG_ANALYZER_NUMBER_OBJECT_CONVERSION = YES_AGGRESSIVE;
				CLANG_CXX_LANGUAGE_STANDARD = "gnu++20";
				CLANG_ENABLE_MODULES = YES;
				CLANG_ENABLE_OBJC_ARC = YES;
				CLANG_ENABLE_OBJC_WEAK = YES;
				CLANG_WARN_BLOCK_CAPTURE_AUTORELEASING = YES;
				CLANG_WARN_BOOL_CONVERSION = YES;
				CLANG_WARN_COMMA = YES;
				CLANG_WARN_CONSTANT_CONVERSION = YES;
				CLANG_WARN_DEPRECATED_OBJC_IMPLEMENTATIONS = YES;
				CLANG_WARN_DIRECT_OBJC_ISA_USAGE = YES_ERROR;
				CLANG_WARN_DOCUMENTATION_COMMENTS = YES;
				CLANG_WARN_EMPTY_BODY = YES;
				CLANG_WARN_ENUM_CONVERSION = YES;
				CLANG_WARN_INFINITE_RECURSION = YES;
				CLANG_WARN_INT_CONVERSION = YES;
				CLANG_WARN_NON_LITERAL_NULL_CONVERSION = YES;
				CLANG_WARN_OBJC_IMPLICIT_RETAIN_SELF = YES;
				CLANG_WARN_OBJC_LITERAL_CONVERSION = YES;
				CLANG_WARN_OBJC_ROOT_CLASS = YES_ERROR;
				CLANG_WARN_QUOTED_INCLUDE_IN_FRAMEWORK_HEADER = YES;
				CLANG_WARN_RANGE_LOOP_ANALYSIS = YES;
				CLANG_WARN_STRICT_PROTOTYPES = YES;
				CLANG_WARN_SUSPICIOUS_MOVE = YES;
				CLANG_WARN_UNGUARDED_AVAILABILITY = YES_AGGRESSIVE;
				CLANG_WARN_UNREACHABLE_CODE = YES;
				CLANG_WARN__DUPLICATE_METHOD_MATCH = YES;
				COPY_PHASE_STRIP = NO;
				DEBUG_INFORMATION_FORMAT = "dwarf-with-dsym";
				ENABLE_NS_ASSERTIONS = NO;
				ENABLE_STRICT_OBJC_MSGSEND = YES;
				ENABLE_USER_SCRIPT_SANDBOXING = YES;
				GCC_C_LANGUAGE_STANDARD = gnu17;
				GCC_NO_COMMON_BLOCKS = YES;
				GCC_WARN_64_TO_32_BIT_CONVERSION = YES;
				GCC_WARN_ABOUT_RETURN_TYPE = YES_ERROR;
				GCC_WARN_UNDECLARED_SELECTOR = YES;
				GCC_WARN_UNINITIALIZED_AUTOS = YES_AGGRESSIVE;
				GCC_WARN_UNUSED_FUNCTION = YES;
				GCC_WARN_UNUSED_VARIABLE = YES;
				IPHONEOS_DEPLOYMENT_TARGET = 15.6;
				LOCALIZATION_PREFERS_STRING_CATALOGS = YES;
				MTL_ENABLE_DEBUG_INFO = NO;
				MTL_FAST_MATH = YES;
				SDKROOT = iphoneos;
				SWIFT_COMPILATION_MODE = wholemodule;
				VALIDATE_PRODUCT = YES;
			};
			name = Release;
		};
		B5A1A80A2ADA71BD00BA3220 /* Debug */ = {
			isa = XCBuildConfiguration;
			buildSettings = {
				ASSETCATALOG_COMPILER_APPICON_NAME = AppIcon;
				ASSETCATALOG_COMPILER_GLOBAL_ACCENT_COLOR_NAME = AccentColor;
				CODE_SIGN_STYLE = Automatic;
				CURRENT_PROJECT_VERSION = 1;
				DEVELOPMENT_TEAM = J246HBQE3Y;
				GENERATE_INFOPLIST_FILE = YES;
				INFOPLIST_FILE = TeladocBeatles/SupportingFiles/Info.plist;
				INFOPLIST_KEY_UIApplicationSupportsIndirectInputEvents = YES;
				INFOPLIST_KEY_UILaunchStoryboardName = LaunchScreen.storyboard;
				INFOPLIST_KEY_UISupportedInterfaceOrientations_iPad = "UIInterfaceOrientationPortrait UIInterfaceOrientationPortraitUpsideDown UIInterfaceOrientationLandscapeLeft UIInterfaceOrientationLandscapeRight";
				INFOPLIST_KEY_UISupportedInterfaceOrientations_iPhone = "UIInterfaceOrientationPortrait UIInterfaceOrientationLandscapeLeft UIInterfaceOrientationLandscapeRight";
				LD_RUNPATH_SEARCH_PATHS = (
					"$(inherited)",
					"@executable_path/Frameworks",
				);
				MARKETING_VERSION = 1.0;
				PRODUCT_BUNDLE_IDENTIFIER = com.konstantin.ionin.TeladocBeatles;
				PRODUCT_NAME = "$(TARGET_NAME)";
				SWIFT_EMIT_LOC_STRINGS = YES;
				SWIFT_VERSION = 5.0;
				TARGETED_DEVICE_FAMILY = "1,2";
			};
			name = Debug;
		};
		B5A1A80B2ADA71BD00BA3220 /* Release */ = {
			isa = XCBuildConfiguration;
			buildSettings = {
				ASSETCATALOG_COMPILER_APPICON_NAME = AppIcon;
				ASSETCATALOG_COMPILER_GLOBAL_ACCENT_COLOR_NAME = AccentColor;
				CODE_SIGN_STYLE = Automatic;
				CURRENT_PROJECT_VERSION = 1;
				DEVELOPMENT_TEAM = J246HBQE3Y;
				GENERATE_INFOPLIST_FILE = YES;
				INFOPLIST_FILE = TeladocBeatles/SupportingFiles/Info.plist;
				INFOPLIST_KEY_UIApplicationSupportsIndirectInputEvents = YES;
				INFOPLIST_KEY_UILaunchStoryboardName = LaunchScreen.storyboard;
				INFOPLIST_KEY_UISupportedInterfaceOrientations_iPad = "UIInterfaceOrientationPortrait UIInterfaceOrientationPortraitUpsideDown UIInterfaceOrientationLandscapeLeft UIInterfaceOrientationLandscapeRight";
				INFOPLIST_KEY_UISupportedInterfaceOrientations_iPhone = "UIInterfaceOrientationPortrait UIInterfaceOrientationLandscapeLeft UIInterfaceOrientationLandscapeRight";
				LD_RUNPATH_SEARCH_PATHS = (
					"$(inherited)",
					"@executable_path/Frameworks",
				);
				MARKETING_VERSION = 1.0;
				PRODUCT_BUNDLE_IDENTIFIER = com.konstantin.ionin.TeladocBeatles;
				PRODUCT_NAME = "$(TARGET_NAME)";
				SWIFT_EMIT_LOC_STRINGS = YES;
				SWIFT_VERSION = 5.0;
				TARGETED_DEVICE_FAMILY = "1,2";
			};
			name = Release;
		};
		B5A1A80D2ADA71BD00BA3220 /* Debug */ = {
			isa = XCBuildConfiguration;
			buildSettings = {
				ALWAYS_EMBED_SWIFT_STANDARD_LIBRARIES = YES;
				BUNDLE_LOADER = "$(TEST_HOST)";
				CODE_SIGN_STYLE = Automatic;
				CURRENT_PROJECT_VERSION = 1;
				DEVELOPMENT_TEAM = J246HBQE3Y;
				GENERATE_INFOPLIST_FILE = YES;
				IPHONEOS_DEPLOYMENT_TARGET = 17.0;
				MARKETING_VERSION = 1.0;
				PRODUCT_BUNDLE_IDENTIFIER = com.konstantin.ionin.TeladocBeatlesTests;
				PRODUCT_NAME = "$(TARGET_NAME)";
				SWIFT_EMIT_LOC_STRINGS = NO;
				SWIFT_VERSION = 5.0;
				TARGETED_DEVICE_FAMILY = "1,2";
				TEST_HOST = "$(BUILT_PRODUCTS_DIR)/TeladocBeatles.app/$(BUNDLE_EXECUTABLE_FOLDER_PATH)/TeladocBeatles";
			};
			name = Debug;
		};
		B5A1A80E2ADA71BD00BA3220 /* Release */ = {
			isa = XCBuildConfiguration;
			buildSettings = {
				ALWAYS_EMBED_SWIFT_STANDARD_LIBRARIES = YES;
				BUNDLE_LOADER = "$(TEST_HOST)";
				CODE_SIGN_STYLE = Automatic;
				CURRENT_PROJECT_VERSION = 1;
				DEVELOPMENT_TEAM = J246HBQE3Y;
				GENERATE_INFOPLIST_FILE = YES;
				IPHONEOS_DEPLOYMENT_TARGET = 17.0;
				MARKETING_VERSION = 1.0;
				PRODUCT_BUNDLE_IDENTIFIER = com.konstantin.ionin.TeladocBeatlesTests;
				PRODUCT_NAME = "$(TARGET_NAME)";
				SWIFT_EMIT_LOC_STRINGS = NO;
				SWIFT_VERSION = 5.0;
				TARGETED_DEVICE_FAMILY = "1,2";
				TEST_HOST = "$(BUILT_PRODUCTS_DIR)/TeladocBeatles.app/$(BUNDLE_EXECUTABLE_FOLDER_PATH)/TeladocBeatles";
			};
			name = Release;
		};
		B5A1A8102ADA71BD00BA3220 /* Debug */ = {
			isa = XCBuildConfiguration;
			buildSettings = {
				ALWAYS_EMBED_SWIFT_STANDARD_LIBRARIES = YES;
				CODE_SIGN_STYLE = Automatic;
				CURRENT_PROJECT_VERSION = 1;
				DEVELOPMENT_TEAM = J246HBQE3Y;
				GENERATE_INFOPLIST_FILE = YES;
				MARKETING_VERSION = 1.0;
				PRODUCT_BUNDLE_IDENTIFIER = com.konstantin.ionin.TeladocBeatlesUITests;
				PRODUCT_NAME = "$(TARGET_NAME)";
				SWIFT_EMIT_LOC_STRINGS = NO;
				SWIFT_VERSION = 5.0;
				TARGETED_DEVICE_FAMILY = "1,2";
				TEST_TARGET_NAME = TeladocBeatles;
			};
			name = Debug;
		};
		B5A1A8112ADA71BD00BA3220 /* Release */ = {
			isa = XCBuildConfiguration;
			buildSettings = {
				ALWAYS_EMBED_SWIFT_STANDARD_LIBRARIES = YES;
				CODE_SIGN_STYLE = Automatic;
				CURRENT_PROJECT_VERSION = 1;
				DEVELOPMENT_TEAM = J246HBQE3Y;
				GENERATE_INFOPLIST_FILE = YES;
				MARKETING_VERSION = 1.0;
				PRODUCT_BUNDLE_IDENTIFIER = com.konstantin.ionin.TeladocBeatlesUITests;
				PRODUCT_NAME = "$(TARGET_NAME)";
				SWIFT_EMIT_LOC_STRINGS = NO;
				SWIFT_VERSION = 5.0;
				TARGETED_DEVICE_FAMILY = "1,2";
				TEST_TARGET_NAME = TeladocBeatles;
			};
			name = Release;
		};
/* End XCBuildConfiguration section */

/* Begin XCConfigurationList section */
		B5A1A7DA2ADA71BB00BA3220 /* Build configuration list for PBXProject "TeladocBeatles" */ = {
			isa = XCConfigurationList;
			buildConfigurations = (
				B5A1A8072ADA71BD00BA3220 /* Debug */,
				B5A1A8082ADA71BD00BA3220 /* Release */,
			);
			defaultConfigurationIsVisible = 0;
			defaultConfigurationName = Release;
		};
		B5A1A8092ADA71BD00BA3220 /* Build configuration list for PBXNativeTarget "TeladocBeatles" */ = {
			isa = XCConfigurationList;
			buildConfigurations = (
				B5A1A80A2ADA71BD00BA3220 /* Debug */,
				B5A1A80B2ADA71BD00BA3220 /* Release */,
			);
			defaultConfigurationIsVisible = 0;
			defaultConfigurationName = Release;
		};
		B5A1A80C2ADA71BD00BA3220 /* Build configuration list for PBXNativeTarget "TeladocBeatlesTests" */ = {
			isa = XCConfigurationList;
			buildConfigurations = (
				B5A1A80D2ADA71BD00BA3220 /* Debug */,
				B5A1A80E2ADA71BD00BA3220 /* Release */,
			);
			defaultConfigurationIsVisible = 0;
			defaultConfigurationName = Release;
		};
		B5A1A80F2ADA71BD00BA3220 /* Build configuration list for PBXNativeTarget "TeladocBeatlesUITests" */ = {
			isa = XCConfigurationList;
			buildConfigurations = (
				B5A1A8102ADA71BD00BA3220 /* Debug */,
				B5A1A8112ADA71BD00BA3220 /* Release */,
			);
			defaultConfigurationIsVisible = 0;
			defaultConfigurationName = Release;
		};
/* End XCConfigurationList section */
	};
	rootObject = B5A1A7D72ADA71BB00BA3220 /* Project object */;
}
